// !$*UTF8*$!
{
	archiveVersion = 1;
	classes = {
	};
	objectVersion = 50;
	objects = {

/* Begin PBXBuildFile section */
		F938471E22E5902F00151500 /* AppDelegate.swift in Sources */ = {isa = PBXBuildFile; fileRef = F938471D22E5902F00151500 /* AppDelegate.swift */; };
		F938472022E5902F00151500 /* ViewController.swift in Sources */ = {isa = PBXBuildFile; fileRef = F938471F22E5902F00151500 /* ViewController.swift */; };
		F938472322E5902F00151500 /* Main.storyboard in Resources */ = {isa = PBXBuildFile; fileRef = F938472122E5902F00151500 /* Main.storyboard */; };
		F938472522E5903200151500 /* Assets.xcassets in Resources */ = {isa = PBXBuildFile; fileRef = F938472422E5903200151500 /* Assets.xcassets */; };
		F938472822E5903200151500 /* LaunchScreen.storyboard in Resources */ = {isa = PBXBuildFile; fileRef = F938472622E5903200151500 /* LaunchScreen.storyboard */; };
		F950B9EA22E98D5A00B81162 /* CameraView.swift in Sources */ = {isa = PBXBuildFile; fileRef = F950B9E922E98D5A00B81162 /* CameraView.swift */; };
		F9FC5B9B22E6C8E600853308 /* CameraViewController.swift in Sources */ = {isa = PBXBuildFile; fileRef = F9FC5B9922E6C8E600853308 /* CameraViewController.swift */; };
		F9FC5B9C22E6C8E600853308 /* CameraViewController.xib in Resources */ = {isa = PBXBuildFile; fileRef = F9FC5B9A22E6C8E600853308 /* CameraViewController.xib */; };
		F9FC5BA522E6CFAA00853308 /* CameraMan.swift in Sources */ = {isa = PBXBuildFile; fileRef = F9FC5BA422E6CFAA00853308 /* CameraMan.swift */; };
		F9FC5BA722E6CFCE00853308 /* Configuration.swift in Sources */ = {isa = PBXBuildFile; fileRef = F9FC5BA622E6CFCE00853308 /* Configuration.swift */; };
		F9FC5BB422E744BF00853308 /* UIView+Additions.swift in Sources */ = {isa = PBXBuildFile; fileRef = F9FC5BB322E744BF00853308 /* UIView+Additions.swift */; };
/* End PBXBuildFile section */

/* Begin PBXFileReference section */
		F938471A22E5902F00151500 /* TestCameraApp.app */ = {isa = PBXFileReference; explicitFileType = wrapper.application; includeInIndex = 0; path = TestCameraApp.app; sourceTree = BUILT_PRODUCTS_DIR; };
		F938471D22E5902F00151500 /* AppDelegate.swift */ = {isa = PBXFileReference; lastKnownFileType = sourcecode.swift; path = AppDelegate.swift; sourceTree = "<group>"; };
		F938471F22E5902F00151500 /* ViewController.swift */ = {isa = PBXFileReference; lastKnownFileType = sourcecode.swift; path = ViewController.swift; sourceTree = "<group>"; };
		F938472222E5902F00151500 /* Base */ = {isa = PBXFileReference; lastKnownFileType = file.storyboard; name = Base; path = Base.lproj/Main.storyboard; sourceTree = "<group>"; };
		F938472422E5903200151500 /* Assets.xcassets */ = {isa = PBXFileReference; lastKnownFileType = folder.assetcatalog; path = Assets.xcassets; sourceTree = "<group>"; };
		F938472722E5903200151500 /* Base */ = {isa = PBXFileReference; lastKnownFileType = file.storyboard; name = Base; path = Base.lproj/LaunchScreen.storyboard; sourceTree = "<group>"; };
		F938472922E5903200151500 /* Info.plist */ = {isa = PBXFileReference; lastKnownFileType = text.plist.xml; path = Info.plist; sourceTree = "<group>"; };
		F950B9E922E98D5A00B81162 /* CameraView.swift */ = {isa = PBXFileReference; lastKnownFileType = sourcecode.swift; path = CameraView.swift; sourceTree = "<group>"; };
		F9FC5B9922E6C8E600853308 /* CameraViewController.swift */ = {isa = PBXFileReference; lastKnownFileType = sourcecode.swift; path = CameraViewController.swift; sourceTree = "<group>"; };
		F9FC5B9A22E6C8E600853308 /* CameraViewController.xib */ = {isa = PBXFileReference; lastKnownFileType = file.xib; path = CameraViewController.xib; sourceTree = "<group>"; };
		F9FC5BA422E6CFAA00853308 /* CameraMan.swift */ = {isa = PBXFileReference; lastKnownFileType = sourcecode.swift; path = CameraMan.swift; sourceTree = "<group>"; };
		F9FC5BA622E6CFCE00853308 /* Configuration.swift */ = {isa = PBXFileReference; lastKnownFileType = sourcecode.swift; path = Configuration.swift; sourceTree = "<group>"; };
		F9FC5BB322E744BF00853308 /* UIView+Additions.swift */ = {isa = PBXFileReference; lastKnownFileType = sourcecode.swift; path = "UIView+Additions.swift"; sourceTree = "<group>"; };
/* End PBXFileReference section */

/* Begin PBXFrameworksBuildPhase section */
		F938471722E5902F00151500 /* Frameworks */ = {
			isa = PBXFrameworksBuildPhase;
			buildActionMask = 2147483647;
			files = (
			);
			runOnlyForDeploymentPostprocessing = 0;
		};
/* End PBXFrameworksBuildPhase section */

/* Begin PBXGroup section */
		F938471122E5902F00151500 = {
			isa = PBXGroup;
			children = (
				F938471C22E5902F00151500 /* TestApp */,
				F938471B22E5902F00151500 /* Products */,
			);
			sourceTree = "<group>";
		};
		F938471B22E5902F00151500 /* Products */ = {
			isa = PBXGroup;
			children = (
				F938471A22E5902F00151500 /* TestCameraApp.app */,
			);
			name = Products;
			sourceTree = "<group>";
		};
		F938471C22E5902F00151500 /* TestApp */ = {
			isa = PBXGroup;
			children = (
				F9FC5B9622E6C89E00853308 /* Classes */,
				F938471D22E5902F00151500 /* AppDelegate.swift */,
				F938471F22E5902F00151500 /* ViewController.swift */,
				F938472122E5902F00151500 /* Main.storyboard */,
				F938472422E5903200151500 /* Assets.xcassets */,
				F938472622E5903200151500 /* LaunchScreen.storyboard */,
				F938472922E5903200151500 /* Info.plist */,
			);
			path = TestApp;
			sourceTree = "<group>";
		};
		F9FC5B9622E6C89E00853308 /* Classes */ = {
			isa = PBXGroup;
			children = (
				F9FC5BB122E744A000853308 /* Models */,
				F9FC5B9E22E6CA1F00853308 /* Externals */,
				F9FC5B9722E6C8AA00853308 /* ViewControllers */,
			);
			path = Classes;
			sourceTree = "<group>";
		};
		F9FC5B9722E6C8AA00853308 /* ViewControllers */ = {
			isa = PBXGroup;
			children = (
				F9FC5B9822E6C8B900853308 /* CustomVideoCamera */,
			);
			path = ViewControllers;
			sourceTree = "<group>";
		};
		F9FC5B9822E6C8B900853308 /* CustomVideoCamera */ = {
			isa = PBXGroup;
			children = (
				F9FC5B9922E6C8E600853308 /* CameraViewController.swift */,
				F9FC5B9A22E6C8E600853308 /* CameraViewController.xib */,
				F9FC5B9D22E6C99A00853308 /* ViewModels */,
			);
			path = CustomVideoCamera;
			sourceTree = "<group>";
		};
		F9FC5B9D22E6C99A00853308 /* ViewModels */ = {
			isa = PBXGroup;
			children = (
			);
			path = ViewModels;
			sourceTree = "<group>";
		};
		F9FC5B9E22E6CA1F00853308 /* Externals */ = {
			isa = PBXGroup;
			children = (
				F9FC5B9F22E6CC0400853308 /* ImagePicker */,
			);
			path = Externals;
			sourceTree = "<group>";
		};
		F9FC5B9F22E6CC0400853308 /* ImagePicker */ = {
			isa = PBXGroup;
			children = (
				F9FC5BA022E6CC1600853308 /* Source */,
			);
			path = ImagePicker;
			sourceTree = "<group>";
		};
		F9FC5BA022E6CC1600853308 /* Source */ = {
			isa = PBXGroup;
			children = (
				F9FC5BA122E6CC2500853308 /* CameraView */,
				F9FC5BA622E6CFCE00853308 /* Configuration.swift */,
			);
			path = Source;
			sourceTree = "<group>";
		};
		F9FC5BA122E6CC2500853308 /* CameraView */ = {
			isa = PBXGroup;
			children = (
				F9FC5BA422E6CFAA00853308 /* CameraMan.swift */,
				F950B9E922E98D5A00B81162 /* CameraView.swift */,
			);
			path = CameraView;
			sourceTree = "<group>";
		};
		F9FC5BB122E744A000853308 /* Models */ = {
			isa = PBXGroup;
			children = (
				F9FC5BB222E744A800853308 /* Extentions */,
			);
			path = Models;
			sourceTree = "<group>";
		};
		F9FC5BB222E744A800853308 /* Extentions */ = {
			isa = PBXGroup;
			children = (
				F9FC5BB322E744BF00853308 /* UIView+Additions.swift */,
			);
			path = Extentions;
			sourceTree = "<group>";
		};
/* End PBXGroup section */

/* Begin PBXNativeTarget section */
		F938471922E5902F00151500 /* TestCameraApp */ = {
			isa = PBXNativeTarget;
			buildConfigurationList = F938472C22E5903200151500 /* Build configuration list for PBXNativeTarget "TestCameraApp" */;
			buildPhases = (
				F938471622E5902F00151500 /* Sources */,
				F938471722E5902F00151500 /* Frameworks */,
				F938471822E5902F00151500 /* Resources */,
			);
			buildRules = (
			);
			dependencies = (
			);
			name = TestCameraApp;
			productName = TestApp;
			productReference = F938471A22E5902F00151500 /* TestCameraApp.app */;
			productType = "com.apple.product-type.application";
		};
/* End PBXNativeTarget section */

/* Begin PBXProject section */
		F938471222E5902F00151500 /* Project object */ = {
			isa = PBXProject;
			attributes = {
				LastSwiftUpdateCheck = 1020;
				LastUpgradeCheck = 1020;
				ORGANIZATIONNAME = "Viacheslav Goroshniuk";
				TargetAttributes = {
					F938471922E5902F00151500 = {
						CreatedOnToolsVersion = 10.2.1;
					};
				};
			};
			buildConfigurationList = F938471522E5902F00151500 /* Build configuration list for PBXProject "TestCameraApp" */;
			compatibilityVersion = "Xcode 9.3";
			developmentRegion = en;
			hasScannedForEncodings = 0;
			knownRegions = (
				en,
				Base,
			);
			mainGroup = F938471122E5902F00151500;
			productRefGroup = F938471B22E5902F00151500 /* Products */;
			projectDirPath = "";
			projectRoot = "";
			targets = (
				F938471922E5902F00151500 /* TestCameraApp */,
			);
		};
/* End PBXProject section */

/* Begin PBXResourcesBuildPhase section */
		F938471822E5902F00151500 /* Resources */ = {
			isa = PBXResourcesBuildPhase;
			buildActionMask = 2147483647;
			files = (
				F938472822E5903200151500 /* LaunchScreen.storyboard in Resources */,
				F938472522E5903200151500 /* Assets.xcassets in Resources */,
				F9FC5B9C22E6C8E600853308 /* CameraViewController.xib in Resources */,
				F938472322E5902F00151500 /* Main.storyboard in Resources */,
			);
			runOnlyForDeploymentPostprocessing = 0;
		};
/* End PBXResourcesBuildPhase section */

/* Begin PBXSourcesBuildPhase section */
		F938471622E5902F00151500 /* Sources */ = {
			isa = PBXSourcesBuildPhase;
			buildActionMask = 2147483647;
			files = (
				F9FC5BA722E6CFCE00853308 /* Configuration.swift in Sources */,
				F938472022E5902F00151500 /* ViewController.swift in Sources */,
				F938471E22E5902F00151500 /* AppDelegate.swift in Sources */,
				F950B9EA22E98D5A00B81162 /* CameraView.swift in Sources */,
				F9FC5BB422E744BF00853308 /* UIView+Additions.swift in Sources */,
				F9FC5BA522E6CFAA00853308 /* CameraMan.swift in Sources */,
				F9FC5B9B22E6C8E600853308 /* CameraViewController.swift in Sources */,
			);
			runOnlyForDeploymentPostprocessing = 0;
		};
/* End PBXSourcesBuildPhase section */

/* Begin PBXVariantGroup section */
		F938472122E5902F00151500 /* Main.storyboard */ = {
			isa = PBXVariantGroup;
			children = (
				F938472222E5902F00151500 /* Base */,
			);
			name = Main.storyboard;
			sourceTree = "<group>";
		};
		F938472622E5903200151500 /* LaunchScreen.storyboard */ = {
			isa = PBXVariantGroup;
			children = (
				F938472722E5903200151500 /* Base */,
			);
			name = LaunchScreen.storyboard;
			sourceTree = "<group>";
		};
/* End PBXVariantGroup section */

/* Begin XCBuildConfiguration section */
		F938472A22E5903200151500 /* Debug */ = {
			isa = XCBuildConfiguration;
			buildSettings = {
				ALWAYS_SEARCH_USER_PATHS = NO;
				CLANG_ANALYZER_NONNULL = YES;
				CLANG_ANALYZER_NUMBER_OBJECT_CONVERSION = YES_AGGRESSIVE;
				CLANG_CXX_LANGUAGE_STANDARD = "gnu++14";
				CLANG_CXX_LIBRARY = "libc++";
				CLANG_ENABLE_MODULES = YES;
				CLANG_ENABLE_OBJC_ARC = YES;
				CLANG_ENABLE_OBJC_WEAK = YES;
				CLANG_WARN_BLOCK_CAPTURE_AUTORELEASING = YES;
				CLANG_WARN_BOOL_CONVERSION = YES;
				CLANG_WARN_COMMA = YES;
				CLANG_WARN_CONSTANT_CONVERSION = YES;
				CLANG_WARN_DEPRECATED_OBJC_IMPLEMENTATIONS = YES;
				CLANG_WARN_DIRECT_OBJC_ISA_USAGE = YES_ERROR;
				CLANG_WARN_DOCUMENTATION_COMMENTS = YES;
				CLANG_WARN_EMPTY_BODY = YES;
				CLANG_WARN_ENUM_CONVERSION = YES;
				CLANG_WARN_INFINITE_RECURSION = YES;
				CLANG_WARN_INT_CONVERSION = YES;
				CLANG_WARN_NON_LITERAL_NULL_CONVERSION = YES;
				CLANG_WARN_OBJC_IMPLICIT_RETAIN_SELF = YES;
				CLANG_WARN_OBJC_LITERAL_CONVERSION = YES;
				CLANG_WARN_OBJC_ROOT_CLASS = YES_ERROR;
				CLANG_WARN_RANGE_LOOP_ANALYSIS = YES;
				CLANG_WARN_STRICT_PROTOTYPES = YES;
				CLANG_WARN_SUSPICIOUS_MOVE = YES;
				CLANG_WARN_UNGUARDED_AVAILABILITY = YES_AGGRESSIVE;
				CLANG_WARN_UNREACHABLE_CODE = YES;
				CLANG_WARN__DUPLICATE_METHOD_MATCH = YES;
				CODE_SIGN_IDENTITY = "iPhone Developer";
				COPY_PHASE_STRIP = NO;
				DEBUG_INFORMATION_FORMAT = dwarf;
				ENABLE_STRICT_OBJC_MSGSEND = YES;
				ENABLE_TESTABILITY = YES;
				GCC_C_LANGUAGE_STANDARD = gnu11;
				GCC_DYNAMIC_NO_PIC = NO;
				GCC_NO_COMMON_BLOCKS = YES;
				GCC_OPTIMIZATION_LEVEL = 0;
				GCC_PREPROCESSOR_DEFINITIONS = (
					"DEBUG=1",
					"$(inherited)",
				);
				GCC_WARN_64_TO_32_BIT_CONVERSION = YES;
				GCC_WARN_ABOUT_RETURN_TYPE = YES_ERROR;
				GCC_WARN_UNDECLARED_SELECTOR = YES;
				GCC_WARN_UNINITIALIZED_AUTOS = YES_AGGRESSIVE;
				GCC_WARN_UNUSED_FUNCTION = YES;
				GCC_WARN_UNUSED_VARIABLE = YES;
				IPHONEOS_DEPLOYMENT_TARGET = 12.2;
				MTL_ENABLE_DEBUG_INFO = INCLUDE_SOURCE;
				MTL_FAST_MATH = YES;
				ONLY_ACTIVE_ARCH = YES;
				SDKROOT = iphoneos;
				SWIFT_ACTIVE_COMPILATION_CONDITIONS = DEBUG;
				SWIFT_OPTIMIZATION_LEVEL = "-Onone";
			};
			name = Debug;
		};
		F938472B22E5903200151500 /* Release */ = {
			isa = XCBuildConfiguration;
			buildSettings = {
				ALWAYS_SEARCH_USER_PATHS = NO;
				CLANG_ANALYZER_NONNULL = YES;
				CLANG_ANALYZER_NUMBER_OBJECT_CONVERSION = YES_AGGRESSIVE;
				CLANG_CXX_LANGUAGE_STANDARD = "gnu++14";
				CLANG_CXX_LIBRARY = "libc++";
				CLANG_ENABLE_MODULES = YES;
				CLANG_ENABLE_OBJC_ARC = YES;
				CLANG_ENABLE_OBJC_WEAK = YES;
				CLANG_WARN_BLOCK_CAPTURE_AUTORELEASING = YES;
				CLANG_WARN_BOOL_CONVERSION = YES;
				CLANG_WARN_COMMA = YES;
				CLANG_WARN_CONSTANT_CONVERSION = YES;
				CLANG_WARN_DEPRECATED_OBJC_IMPLEMENTATIONS = YES;
				CLANG_WARN_DIRECT_OBJC_ISA_USAGE = YES_ERROR;
				CLANG_WARN_DOCUMENTATION_COMMENTS = YES;
				CLANG_WARN_EMPTY_BODY = YES;
				CLANG_WARN_ENUM_CONVERSION = YES;
				CLANG_WARN_INFINITE_RECURSION = YES;
				CLANG_WARN_INT_CONVERSION = YES;
				CLANG_WARN_NON_LITERAL_NULL_CONVERSION = YES;
				CLANG_WARN_OBJC_IMPLICIT_RETAIN_SELF = YES;
				CLANG_WARN_OBJC_LITERAL_CONVERSION = YES;
				CLANG_WARN_OBJC_ROOT_CLASS = YES_ERROR;
				CLANG_WARN_RANGE_LOOP_ANALYSIS = YES;
				CLANG_WARN_STRICT_PROTOTYPES = YES;
				CLANG_WARN_SUSPICIOUS_MOVE = YES;
				CLANG_WARN_UNGUARDED_AVAILABILITY = YES_AGGRESSIVE;
				CLANG_WARN_UNREACHABLE_CODE = YES;
				CLANG_WARN__DUPLICATE_METHOD_MATCH = YES;
				CODE_SIGN_IDENTITY = "iPhone Developer";
				COPY_PHASE_STRIP = NO;
				DEBUG_INFORMATION_FORMAT = "dwarf-with-dsym";
				ENABLE_NS_ASSERTIONS = NO;
				ENABLE_STRICT_OBJC_MSGSEND = YES;
				GCC_C_LANGUAGE_STANDARD = gnu11;
				GCC_NO_COMMON_BLOCKS = YES;
				GCC_WARN_64_TO_32_BIT_CONVERSION = YES;
				GCC_WARN_ABOUT_RETURN_TYPE = YES_ERROR;
				GCC_WARN_UNDECLARED_SELECTOR = YES;
				GCC_WARN_UNINITIALIZED_AUTOS = YES_AGGRESSIVE;
				GCC_WARN_UNUSED_FUNCTION = YES;
				GCC_WARN_UNUSED_VARIABLE = YES;
				IPHONEOS_DEPLOYMENT_TARGET = 12.2;
				MTL_ENABLE_DEBUG_INFO = NO;
				MTL_FAST_MATH = YES;
				SDKROOT = iphoneos;
				SWIFT_COMPILATION_MODE = wholemodule;
				SWIFT_OPTIMIZATION_LEVEL = "-O";
				VALIDATE_PRODUCT = YES;
			};
			name = Release;
		};
		F938472D22E5903200151500 /* Debug */ = {
			isa = XCBuildConfiguration;
			buildSettings = {
				ASSETCATALOG_COMPILER_APPICON_NAME = AppIcon;
				CODE_SIGN_STYLE = Automatic;
				DEVELOPMENT_TEAM = 8CX72D5RZN;
				INFOPLIST_FILE = TestApp/Info.plist;
				IPHONEOS_DEPLOYMENT_TARGET = 12.0;
				LD_RUNPATH_SEARCH_PATHS = (
					"$(inherited)",
					"@executable_path/Frameworks",
				);
				PRODUCT_BUNDLE_IDENTIFIER = com.viacheslavgoroshniuk.TestApp;
				PRODUCT_NAME = "$(TARGET_NAME)";
				SWIFT_VERSION = 5.0;
				TARGETED_DEVICE_FAMILY = "1,2";
			};
			name = Debug;
		};
		F938472E22E5903200151500 /* Release */ = {
			isa = XCBuildConfiguration;
			buildSettings = {
				ASSETCATALOG_COMPILER_APPICON_NAME = AppIcon;
				CODE_SIGN_STYLE = Automatic;
				DEVELOPMENT_TEAM = 8CX72D5RZN;
				INFOPLIST_FILE = TestApp/Info.plist;
				IPHONEOS_DEPLOYMENT_TARGET = 12.0;
				LD_RUNPATH_SEARCH_PATHS = (
					"$(inherited)",
					"@executable_path/Frameworks",
				);
				PRODUCT_BUNDLE_IDENTIFIER = com.viacheslavgoroshniuk.TestApp;
				PRODUCT_NAME = "$(TARGET_NAME)";
				SWIFT_VERSION = 5.0;
				TARGETED_DEVICE_FAMILY = "1,2";
			};
			name = Release;
		};
/* End XCBuildConfiguration section */

/* Begin XCConfigurationList section */
		F938471522E5902F00151500 /* Build configuration list for PBXProject "TestCameraApp" */ = {
			isa = XCConfigurationList;
			buildConfigurations = (
				F938472A22E5903200151500 /* Debug */,
				F938472B22E5903200151500 /* Release */,
			);
			defaultConfigurationIsVisible = 0;
			defaultConfigurationName = Release;
		};
		F938472C22E5903200151500 /* Build configuration list for PBXNativeTarget "TestCameraApp" */ = {
			isa = XCConfigurationList;
			buildConfigurations = (
				F938472D22E5903200151500 /* Debug */,
				F938472E22E5903200151500 /* Release */,
			);
			defaultConfigurationIsVisible = 0;
			defaultConfigurationName = Release;
		};
/* End XCConfigurationList section */
	};
	rootObject = F938471222E5902F00151500 /* Project object */;
}
